
Microsoft Visual Studio Solution File, Format Version 12.00
# Visual Studio Version 17
VisualStudioVersion = 17.1.32210.238
MinimumVisualStudioVersion = 10.0.40219.1
Project("{FAE04EC0-301F-11D3-BF4B-00C04F79EFBC}") = "Programs", "Programs.csproj", "{BB51E659-83BC-4E2F-A783-D65DF79F7994}"
EndProject
Global
	GlobalSection(SolutionConfigurationPlatforms) = preSolution
		Debug|Any CPU = Debug|Any CPU
		Release|Any CPU = Release|Any CPU
	EndGlobalSection
	GlobalSection(ProjectConfigurationPlatforms) = postSolution
		{BB51E659-83BC-4E2F-A783-D65DF79F7994}.Debug|Any CPU.ActiveCfg = Debug|Any CPU
		{BB51E659-83BC-4E2F-A783-D65DF79F7994}.Debug|Any CPU.Build.0 = Debug|Any CPU
		{BB51E659-83BC-4E2F-A783-D65DF79F7994}.Release|Any CPU.ActiveCfg = Release|Any CPU
		{BB51E659-83BC-4E2F-A783-D65DF79F7994}.Release|Any CPU.Build.0 = Release|Any CPU
	EndGlobalSection
	GlobalSection(SolutionProperties) = preSolution
		HideSolutionNode = FALSE
	EndGlobalSection
	GlobalSection(ExtensibilityGlobals) = postSolution
		SolutionGuid = {00088C7F-B30F-4C72-B6CD-7ABB480AAFB6}
	EndGlobalSection
EndGlobal
